
Microsoft Visual Studio Solution File, Format Version 12.00
# Visual Studio Version 16
VisualStudioVersion = 16.0.30717.126
MinimumVisualStudioVersion = 10.0.40219.1
Project("{FAE04EC0-301F-11D3-BF4B-00C04F79EFBC}") = "DbTripalTest", "DbTripalTest\DbTripalTest.csproj", "{B9B17567-90D2-49C6-B300-3E81358B9E94}"
EndProject
Global
	GlobalSection(SolutionConfigurationPlatforms) = preSolution
		Debug|Any CPU = Debug|Any CPU
		Release|Any CPU = Release|Any CPU
	EndGlobalSection
	GlobalSection(ProjectConfigurationPlatforms) = postSolution
		{B9B17567-90D2-49C6-B300-3E81358B9E94}.Debug|Any CPU.ActiveCfg = Debug|Any CPU
		{B9B17567-90D2-49C6-B300-3E81358B9E94}.Debug|Any CPU.Build.0 = Debug|Any CPU
		{B9B17567-90D2-49C6-B300-3E81358B9E94}.Release|Any CPU.ActiveCfg = Release|Any CPU
		{B9B17567-90D2-49C6-B300-3E81358B9E94}.Release|Any CPU.Build.0 = Release|Any CPU
	EndGlobalSection
	GlobalSection(SolutionProperties) = preSolution
		HideSolutionNode = FALSE
	EndGlobalSection
	GlobalSection(ExtensibilityGlobals) = postSolution
		SolutionGuid = {CBC44F15-B50A-4F27-B9C6-9BCAE917DABF}
	EndGlobalSection
EndGlobal
